# THIS IS AN AUTOGENERATED FILE. DO NOT EDIT THIS FILE DIRECTLY.
# yarn lockfile v1


summernote@^0.8:
  version "0.8.20"
  resolved "https://registry.yarnpkg.com/summernote/-/summernote-0.8.20.tgz#395905f2cec0aceebc712edc019d91b8ef88f7cf"
  integrity sha512-W9RhjQjsn+b1s9xiJQgJbCiYGJaDAc9CdEqXo+D13WuStG8lCdtKaO5AiNiSSMJsQJN2EfGSwbBQt+SFE2B8Kw==
