# THIS IS AN AUTOGENERATED FILE. DO NOT EDIT THIS FILE DIRECTLY.
# yarn lockfile v1


summernote@^0.8.18:
  version "0.8.18"
  resolved "https://registry.yarnpkg.com/summernote/-/summernote-0.8.18.tgz#be5c368b1c92de8a05039a9976157bdea7aae386"
  integrity sha512-VlwBaNm9vSYMYXvO2f3UCUmY0Gm8jxLcBn+D08aX3pKs4x2vAoyQ4DcDQ6D+PchQiLrf86AGQVfVu56F4aP3ug==
